
Microsoft Visual Studio Solution File, Format Version 12.00
# Visual Studio 2013
VisualStudioVersion = 12.0.31101.0
MinimumVisualStudioVersion = 10.0.40219.1
Project("{FAE04EC0-301F-11D3-BF4B-00C04F79EFBC}") = "NGP.Test.Net45", "NGP.Test.Net45\NGP.Test.Net45.csproj", "{DFF8D249-AC3C-44EA-A72B-50AF2808CD8E}"
EndProject
Project("{FAE04EC0-301F-11D3-BF4B-00C04F79EFBC}") = "NGP.Test.WindowsPhone8", "NGP.Test.WindowsPhone8\NGP.Test.WindowsPhone8.csproj", "{6BC10FC7-8C3A-4490-A13B-A41A27A079A4}"
EndProject
Project("{FAE04EC0-301F-11D3-BF4B-00C04F79EFBC}") = "NGP.Test.WindowsStore", "NGP.Test.WindowsStore\NGP.Test.WindowsStore.csproj", "{04F8EF9E-F56D-42E3-B783-7A14CC5C0D84}"
EndProject
Project("{FAE04EC0-301F-11D3-BF4B-00C04F79EFBC}") = "NGP.Test.iOS", "NGP.Test.iOS\NGP.Test.iOS.csproj", "{EB28950F-385C-4F99-99B6-E3FDA941FC58}"
EndProject
Project("{FAE04EC0-301F-11D3-BF4B-00C04F79EFBC}") = "NGP.Test.Android", "NGP.Test.Android\NGP.Test.Android.csproj", "{B34F6285-2CDF-43AD-BEFD-E120B54DF86A}"
EndProject
Project("{FAE04EC0-301F-11D3-BF4B-00C04F79EFBC}") = "NGP.Test.Universal.WindowsPhone", "NGP.Test.Universal.WindowsPhone\NGP.Test.Universal.WindowsPhone.csproj", "{17D0FA52-F2DE-452E-AD29-52E9E4D4772F}"
EndProject
Project("{FAE04EC0-301F-11D3-BF4B-00C04F79EFBC}") = "NGP.Test.Universal.WindowsStore", "NGP.Test.Universal.WindowsStore\NGP.Test.Universal.WindowsStore.csproj", "{7EAF0F8E-198F-416F-B37C-C56116D0D4AF}"
EndProject
Project("{FAE04EC0-301F-11D3-BF4B-00C04F79EFBC}") = "NGP.Test.iOS.UnifiedAPI", "NGP.Test.iOS.UnifiedAPI\NGP.Test.iOS.UnifiedAPI.csproj", "{7339DF68-C645-4200-8C18-1411248B7817}"
EndProject
Global
	GlobalSection(SolutionConfigurationPlatforms) = preSolution
		Ad-Hoc|Android = Ad-Hoc|Android
		Ad-Hoc|Any CPU = Ad-Hoc|Any CPU
		Ad-Hoc|ARM = Ad-Hoc|ARM
		Ad-Hoc|iPhone = Ad-Hoc|iPhone
		Ad-Hoc|iPhoneSimulator = Ad-Hoc|iPhoneSimulator
		Ad-Hoc|Mixed Platforms = Ad-Hoc|Mixed Platforms
		Ad-Hoc|x64 = Ad-Hoc|x64
		Ad-Hoc|x86 = Ad-Hoc|x86
		AppStore|Android = AppStore|Android
		AppStore|Any CPU = AppStore|Any CPU
		AppStore|ARM = AppStore|ARM
		AppStore|iPhone = AppStore|iPhone
		AppStore|iPhoneSimulator = AppStore|iPhoneSimulator
		AppStore|Mixed Platforms = AppStore|Mixed Platforms
		AppStore|x64 = AppStore|x64
		AppStore|x86 = AppStore|x86
		Debug|Android = Debug|Android
		Debug|Any CPU = Debug|Any CPU
		Debug|ARM = Debug|ARM
		Debug|iPhone = Debug|iPhone
		Debug|iPhoneSimulator = Debug|iPhoneSimulator
		Debug|Mixed Platforms = Debug|Mixed Platforms
		Debug|x64 = Debug|x64
		Debug|x86 = Debug|x86
		Release|Android = Release|Android
		Release|Any CPU = Release|Any CPU
		Release|ARM = Release|ARM
		Release|iPhone = Release|iPhone
		Release|iPhoneSimulator = Release|iPhoneSimulator
		Release|Mixed Platforms = Release|Mixed Platforms
		Release|x64 = Release|x64
		Release|x86 = Release|x86
	EndGlobalSection
	GlobalSection(ProjectConfigurationPlatforms) = postSolution
		{DFF8D249-AC3C-44EA-A72B-50AF2808CD8E}.Ad-Hoc|Android.ActiveCfg = Release|Any CPU
		{DFF8D249-AC3C-44EA-A72B-50AF2808CD8E}.Ad-Hoc|Any CPU.ActiveCfg = Release|Any CPU
		{DFF8D249-AC3C-44EA-A72B-50AF2808CD8E}.Ad-Hoc|Any CPU.Build.0 = Release|Any CPU
		{DFF8D249-AC3C-44EA-A72B-50AF2808CD8E}.Ad-Hoc|ARM.ActiveCfg = Release|Any CPU
		{DFF8D249-AC3C-44EA-A72B-50AF2808CD8E}.Ad-Hoc|iPhone.ActiveCfg = Release|Any CPU
		{DFF8D249-AC3C-44EA-A72B-50AF2808CD8E}.Ad-Hoc|iPhoneSimulator.ActiveCfg = Release|Any CPU
		{DFF8D249-AC3C-44EA-A72B-50AF2808CD8E}.Ad-Hoc|Mixed Platforms.ActiveCfg = Release|Any CPU
		{DFF8D249-AC3C-44EA-A72B-50AF2808CD8E}.Ad-Hoc|Mixed Platforms.Build.0 = Release|Any CPU
		{DFF8D249-AC3C-44EA-A72B-50AF2808CD8E}.Ad-Hoc|x64.ActiveCfg = Release|Any CPU
		{DFF8D249-AC3C-44EA-A72B-50AF2808CD8E}.Ad-Hoc|x86.ActiveCfg = Release|Any CPU
		{DFF8D249-AC3C-44EA-A72B-50AF2808CD8E}.AppStore|Android.ActiveCfg = Release|Any CPU
		{DFF8D249-AC3C-44EA-A72B-50AF2808CD8E}.AppStore|Any CPU.ActiveCfg = Release|Any CPU
		{DFF8D249-AC3C-44EA-A72B-50AF2808CD8E}.AppStore|Any CPU.Build.0 = Release|Any CPU
		{DFF8D249-AC3C-44EA-A72B-50AF2808CD8E}.AppStore|ARM.ActiveCfg = Release|Any CPU
		{DFF8D249-AC3C-44EA-A72B-50AF2808CD8E}.AppStore|iPhone.ActiveCfg = Release|Any CPU
		{DFF8D249-AC3C-44EA-A72B-50AF2808CD8E}.AppStore|iPhoneSimulator.ActiveCfg = Release|Any CPU
		{DFF8D249-AC3C-44EA-A72B-50AF2808CD8E}.AppStore|Mixed Platforms.ActiveCfg = Release|Any CPU
		{DFF8D249-AC3C-44EA-A72B-50AF2808CD8E}.AppStore|Mixed Platforms.Build.0 = Release|Any CPU
		{DFF8D249-AC3C-44EA-A72B-50AF2808CD8E}.AppStore|x64.ActiveCfg = Release|Any CPU
		{DFF8D249-AC3C-44EA-A72B-50AF2808CD8E}.AppStore|x86.ActiveCfg = Release|Any CPU
		{DFF8D249-AC3C-44EA-A72B-50AF2808CD8E}.Debug|Android.ActiveCfg = Debug|Any CPU
		{DFF8D249-AC3C-44EA-A72B-50AF2808CD8E}.Debug|Any CPU.ActiveCfg = Debug|Any CPU
		{DFF8D249-AC3C-44EA-A72B-50AF2808CD8E}.Debug|ARM.ActiveCfg = Debug|Any CPU
		{DFF8D249-AC3C-44EA-A72B-50AF2808CD8E}.Debug|iPhone.ActiveCfg = Debug|Any CPU
		{DFF8D249-AC3C-44EA-A72B-50AF2808CD8E}.Debug|iPhoneSimulator.ActiveCfg = Debug|Any CPU
		{DFF8D249-AC3C-44EA-A72B-50AF2808CD8E}.Debug|Mixed Platforms.ActiveCfg = Debug|Any CPU
		{DFF8D249-AC3C-44EA-A72B-50AF2808CD8E}.Debug|Mixed Platforms.Build.0 = Debug|Any CPU
		{DFF8D249-AC3C-44EA-A72B-50AF2808CD8E}.Debug|x64.ActiveCfg = Debug|Any CPU
		{DFF8D249-AC3C-44EA-A72B-50AF2808CD8E}.Debug|x86.ActiveCfg = Debug|Any CPU
		{DFF8D249-AC3C-44EA-A72B-50AF2808CD8E}.Debug|x86.Build.0 = Debug|Any CPU
		{DFF8D249-AC3C-44EA-A72B-50AF2808CD8E}.Release|Android.ActiveCfg = Release|Any CPU
		{DFF8D249-AC3C-44EA-A72B-50AF2808CD8E}.Release|Any CPU.ActiveCfg = Release|Any CPU
		{DFF8D249-AC3C-44EA-A72B-50AF2808CD8E}.Release|ARM.ActiveCfg = Release|Any CPU
		{DFF8D249-AC3C-44EA-A72B-50AF2808CD8E}.Release|iPhone.ActiveCfg = Release|Any CPU
		{DFF8D249-AC3C-44EA-A72B-50AF2808CD8E}.Release|iPhoneSimulator.ActiveCfg = Release|Any CPU
		{DFF8D249-AC3C-44EA-A72B-50AF2808CD8E}.Release|Mixed Platforms.ActiveCfg = Release|Any CPU
		{DFF8D249-AC3C-44EA-A72B-50AF2808CD8E}.Release|Mixed Platforms.Build.0 = Release|Any CPU
		{DFF8D249-AC3C-44EA-A72B-50AF2808CD8E}.Release|x64.ActiveCfg = Release|Any CPU
		{DFF8D249-AC3C-44EA-A72B-50AF2808CD8E}.Release|x86.ActiveCfg = Release|Any CPU
		{DFF8D249-AC3C-44EA-A72B-50AF2808CD8E}.Release|x86.Build.0 = Release|Any CPU
		{6BC10FC7-8C3A-4490-A13B-A41A27A079A4}.Ad-Hoc|Android.ActiveCfg = Release|x86
		{6BC10FC7-8C3A-4490-A13B-A41A27A079A4}.Ad-Hoc|Any CPU.ActiveCfg = Release|x86
		{6BC10FC7-8C3A-4490-A13B-A41A27A079A4}.Ad-Hoc|ARM.ActiveCfg = Release|ARM
		{6BC10FC7-8C3A-4490-A13B-A41A27A079A4}.Ad-Hoc|iPhone.ActiveCfg = Release|x86
		{6BC10FC7-8C3A-4490-A13B-A41A27A079A4}.Ad-Hoc|iPhoneSimulator.ActiveCfg = Release|x86
		{6BC10FC7-8C3A-4490-A13B-A41A27A079A4}.Ad-Hoc|Mixed Platforms.ActiveCfg = Release|x86
		{6BC10FC7-8C3A-4490-A13B-A41A27A079A4}.Ad-Hoc|x64.ActiveCfg = Release|x86
		{6BC10FC7-8C3A-4490-A13B-A41A27A079A4}.Ad-Hoc|x86.ActiveCfg = Release|x86
		{6BC10FC7-8C3A-4490-A13B-A41A27A079A4}.AppStore|Android.ActiveCfg = Release|x86
		{6BC10FC7-8C3A-4490-A13B-A41A27A079A4}.AppStore|Any CPU.ActiveCfg = Release|x86
		{6BC10FC7-8C3A-4490-A13B-A41A27A079A4}.AppStore|ARM.ActiveCfg = Release|ARM
		{6BC10FC7-8C3A-4490-A13B-A41A27A079A4}.AppStore|iPhone.ActiveCfg = Release|x86
		{6BC10FC7-8C3A-4490-A13B-A41A27A079A4}.AppStore|iPhoneSimulator.ActiveCfg = Release|x86
		{6BC10FC7-8C3A-4490-A13B-A41A27A079A4}.AppStore|Mixed Platforms.ActiveCfg = Release|x86
		{6BC10FC7-8C3A-4490-A13B-A41A27A079A4}.AppStore|x64.ActiveCfg = Release|x86
		{6BC10FC7-8C3A-4490-A13B-A41A27A079A4}.AppStore|x86.ActiveCfg = Release|x86
		{6BC10FC7-8C3A-4490-A13B-A41A27A079A4}.Debug|Android.ActiveCfg = Debug|x86
		{6BC10FC7-8C3A-4490-A13B-A41A27A079A4}.Debug|Any CPU.ActiveCfg = Debug|x86
		{6BC10FC7-8C3A-4490-A13B-A41A27A079A4}.Debug|ARM.ActiveCfg = Debug|ARM
		{6BC10FC7-8C3A-4490-A13B-A41A27A079A4}.Debug|ARM.Build.0 = Debug|ARM
		{6BC10FC7-8C3A-4490-A13B-A41A27A079A4}.Debug|ARM.Deploy.0 = Debug|ARM
		{6BC10FC7-8C3A-4490-A13B-A41A27A079A4}.Debug|iPhone.ActiveCfg = Debug|x86
		{6BC10FC7-8C3A-4490-A13B-A41A27A079A4}.Debug|iPhoneSimulator.ActiveCfg = Debug|x86
		{6BC10FC7-8C3A-4490-A13B-A41A27A079A4}.Debug|Mixed Platforms.ActiveCfg = Debug|x86
		{6BC10FC7-8C3A-4490-A13B-A41A27A079A4}.Debug|Mixed Platforms.Build.0 = Debug|x86
		{6BC10FC7-8C3A-4490-A13B-A41A27A079A4}.Debug|Mixed Platforms.Deploy.0 = Debug|x86
		{6BC10FC7-8C3A-4490-A13B-A41A27A079A4}.Debug|x64.ActiveCfg = Debug|x86
		{6BC10FC7-8C3A-4490-A13B-A41A27A079A4}.Debug|x86.ActiveCfg = Debug|x86
		{6BC10FC7-8C3A-4490-A13B-A41A27A079A4}.Debug|x86.Build.0 = Debug|x86
		{6BC10FC7-8C3A-4490-A13B-A41A27A079A4}.Debug|x86.Deploy.0 = Debug|x86
		{6BC10FC7-8C3A-4490-A13B-A41A27A079A4}.Release|Android.ActiveCfg = Release|x86
		{6BC10FC7-8C3A-4490-A13B-A41A27A079A4}.Release|Any CPU.ActiveCfg = Release|x86
		{6BC10FC7-8C3A-4490-A13B-A41A27A079A4}.Release|ARM.ActiveCfg = Release|ARM
		{6BC10FC7-8C3A-4490-A13B-A41A27A079A4}.Release|ARM.Build.0 = Release|ARM
		{6BC10FC7-8C3A-4490-A13B-A41A27A079A4}.Release|ARM.Deploy.0 = Release|ARM
		{6BC10FC7-8C3A-4490-A13B-A41A27A079A4}.Release|iPhone.ActiveCfg = Release|x86
		{6BC10FC7-8C3A-4490-A13B-A41A27A079A4}.Release|iPhoneSimulator.ActiveCfg = Release|x86
		{6BC10FC7-8C3A-4490-A13B-A41A27A079A4}.Release|Mixed Platforms.ActiveCfg = Release|x86
		{6BC10FC7-8C3A-4490-A13B-A41A27A079A4}.Release|Mixed Platforms.Build.0 = Release|x86
		{6BC10FC7-8C3A-4490-A13B-A41A27A079A4}.Release|Mixed Platforms.Deploy.0 = Release|x86
		{6BC10FC7-8C3A-4490-A13B-A41A27A079A4}.Release|x64.ActiveCfg = Release|x86
		{6BC10FC7-8C3A-4490-A13B-A41A27A079A4}.Release|x86.ActiveCfg = Release|x86
		{6BC10FC7-8C3A-4490-A13B-A41A27A079A4}.Release|x86.Build.0 = Release|x86
		{6BC10FC7-8C3A-4490-A13B-A41A27A079A4}.Release|x86.Deploy.0 = Release|x86
		{04F8EF9E-F56D-42E3-B783-7A14CC5C0D84}.Ad-Hoc|Android.ActiveCfg = Release|x86
		{04F8EF9E-F56D-42E3-B783-7A14CC5C0D84}.Ad-Hoc|Any CPU.ActiveCfg = Release|x86
		{04F8EF9E-F56D-42E3-B783-7A14CC5C0D84}.Ad-Hoc|ARM.ActiveCfg = Release|ARM
		{04F8EF9E-F56D-42E3-B783-7A14CC5C0D84}.Ad-Hoc|iPhone.ActiveCfg = Release|x86
		{04F8EF9E-F56D-42E3-B783-7A14CC5C0D84}.Ad-Hoc|iPhoneSimulator.ActiveCfg = Release|x86
		{04F8EF9E-F56D-42E3-B783-7A14CC5C0D84}.Ad-Hoc|Mixed Platforms.ActiveCfg = Release|x86
		{04F8EF9E-F56D-42E3-B783-7A14CC5C0D84}.Ad-Hoc|x64.ActiveCfg = Release|x64
		{04F8EF9E-F56D-42E3-B783-7A14CC5C0D84}.Ad-Hoc|x86.ActiveCfg = Release|x86
		{04F8EF9E-F56D-42E3-B783-7A14CC5C0D84}.AppStore|Android.ActiveCfg = Release|x86
		{04F8EF9E-F56D-42E3-B783-7A14CC5C0D84}.AppStore|Any CPU.ActiveCfg = Release|x86
		{04F8EF9E-F56D-42E3-B783-7A14CC5C0D84}.AppStore|ARM.ActiveCfg = Release|ARM
		{04F8EF9E-F56D-42E3-B783-7A14CC5C0D84}.AppStore|iPhone.ActiveCfg = Release|x86
		{04F8EF9E-F56D-42E3-B783-7A14CC5C0D84}.AppStore|iPhoneSimulator.ActiveCfg = Release|x86
		{04F8EF9E-F56D-42E3-B783-7A14CC5C0D84}.AppStore|Mixed Platforms.ActiveCfg = Release|x86
		{04F8EF9E-F56D-42E3-B783-7A14CC5C0D84}.AppStore|x64.ActiveCfg = Release|x64
		{04F8EF9E-F56D-42E3-B783-7A14CC5C0D84}.AppStore|x86.ActiveCfg = Release|x86
		{04F8EF9E-F56D-42E3-B783-7A14CC5C0D84}.Debug|Android.ActiveCfg = Debug|x86
		{04F8EF9E-F56D-42E3-B783-7A14CC5C0D84}.Debug|Any CPU.ActiveCfg = Debug|x86
		{04F8EF9E-F56D-42E3-B783-7A14CC5C0D84}.Debug|ARM.ActiveCfg = Debug|ARM
		{04F8EF9E-F56D-42E3-B783-7A14CC5C0D84}.Debug|ARM.Build.0 = Debug|ARM
		{04F8EF9E-F56D-42E3-B783-7A14CC5C0D84}.Debug|ARM.Deploy.0 = Debug|ARM
		{04F8EF9E-F56D-42E3-B783-7A14CC5C0D84}.Debug|iPhone.ActiveCfg = Debug|x86
		{04F8EF9E-F56D-42E3-B783-7A14CC5C0D84}.Debug|iPhoneSimulator.ActiveCfg = Debug|x86
		{04F8EF9E-F56D-42E3-B783-7A14CC5C0D84}.Debug|Mixed Platforms.ActiveCfg = Debug|x86
		{04F8EF9E-F56D-42E3-B783-7A14CC5C0D84}.Debug|Mixed Platforms.Build.0 = Debug|x86
		{04F8EF9E-F56D-42E3-B783-7A14CC5C0D84}.Debug|Mixed Platforms.Deploy.0 = Debug|x86
		{04F8EF9E-F56D-42E3-B783-7A14CC5C0D84}.Debug|x64.ActiveCfg = Debug|x64
		{04F8EF9E-F56D-42E3-B783-7A14CC5C0D84}.Debug|x64.Build.0 = Debug|x64
		{04F8EF9E-F56D-42E3-B783-7A14CC5C0D84}.Debug|x64.Deploy.0 = Debug|x64
		{04F8EF9E-F56D-42E3-B783-7A14CC5C0D84}.Debug|x86.ActiveCfg = Debug|x86
		{04F8EF9E-F56D-42E3-B783-7A14CC5C0D84}.Debug|x86.Build.0 = Debug|x86
		{04F8EF9E-F56D-42E3-B783-7A14CC5C0D84}.Debug|x86.Deploy.0 = Debug|x86
		{04F8EF9E-F56D-42E3-B783-7A14CC5C0D84}.Release|Android.ActiveCfg = Release|x86
		{04F8EF9E-F56D-42E3-B783-7A14CC5C0D84}.Release|Any CPU.ActiveCfg = Release|x86
		{04F8EF9E-F56D-42E3-B783-7A14CC5C0D84}.Release|ARM.ActiveCfg = Release|ARM
		{04F8EF9E-F56D-42E3-B783-7A14CC5C0D84}.Release|ARM.Build.0 = Release|ARM
		{04F8EF9E-F56D-42E3-B783-7A14CC5C0D84}.Release|ARM.Deploy.0 = Release|ARM
		{04F8EF9E-F56D-42E3-B783-7A14CC5C0D84}.Release|iPhone.ActiveCfg = Release|x86
		{04F8EF9E-F56D-42E3-B783-7A14CC5C0D84}.Release|iPhoneSimulator.ActiveCfg = Release|x86
		{04F8EF9E-F56D-42E3-B783-7A14CC5C0D84}.Release|Mixed Platforms.ActiveCfg = Release|x86
		{04F8EF9E-F56D-42E3-B783-7A14CC5C0D84}.Release|Mixed Platforms.Build.0 = Release|x86
		{04F8EF9E-F56D-42E3-B783-7A14CC5C0D84}.Release|Mixed Platforms.Deploy.0 = Release|x86
		{04F8EF9E-F56D-42E3-B783-7A14CC5C0D84}.Release|x64.ActiveCfg = Release|x64
		{04F8EF9E-F56D-42E3-B783-7A14CC5C0D84}.Release|x64.Build.0 = Release|x64
		{04F8EF9E-F56D-42E3-B783-7A14CC5C0D84}.Release|x64.Deploy.0 = Release|x64
		{04F8EF9E-F56D-42E3-B783-7A14CC5C0D84}.Release|x86.ActiveCfg = Release|x86
		{04F8EF9E-F56D-42E3-B783-7A14CC5C0D84}.Release|x86.Build.0 = Release|x86
		{04F8EF9E-F56D-42E3-B783-7A14CC5C0D84}.Release|x86.Deploy.0 = Release|x86
		{EB28950F-385C-4F99-99B6-E3FDA941FC58}.Ad-Hoc|Android.ActiveCfg = Release|iPhoneSimulator
		{EB28950F-385C-4F99-99B6-E3FDA941FC58}.Ad-Hoc|Any CPU.ActiveCfg = Release|iPhoneSimulator
		{EB28950F-385C-4F99-99B6-E3FDA941FC58}.Ad-Hoc|ARM.ActiveCfg = Release|iPhoneSimulator
		{EB28950F-385C-4F99-99B6-E3FDA941FC58}.Ad-Hoc|iPhone.ActiveCfg = Release|iPhone
		{EB28950F-385C-4F99-99B6-E3FDA941FC58}.Ad-Hoc|iPhoneSimulator.ActiveCfg = Release|iPhoneSimulator
		{EB28950F-385C-4F99-99B6-E3FDA941FC58}.Ad-Hoc|Mixed Platforms.ActiveCfg = Release|iPhoneSimulator
		{EB28950F-385C-4F99-99B6-E3FDA941FC58}.Ad-Hoc|x64.ActiveCfg = Release|iPhoneSimulator
		{EB28950F-385C-4F99-99B6-E3FDA941FC58}.Ad-Hoc|x86.ActiveCfg = Release|iPhoneSimulator
		{EB28950F-385C-4F99-99B6-E3FDA941FC58}.AppStore|Android.ActiveCfg = Release|iPhoneSimulator
		{EB28950F-385C-4F99-99B6-E3FDA941FC58}.AppStore|Any CPU.ActiveCfg = Release|iPhoneSimulator
		{EB28950F-385C-4F99-99B6-E3FDA941FC58}.AppStore|ARM.ActiveCfg = Release|iPhoneSimulator
		{EB28950F-385C-4F99-99B6-E3FDA941FC58}.AppStore|iPhone.ActiveCfg = Release|iPhone
		{EB28950F-385C-4F99-99B6-E3FDA941FC58}.AppStore|iPhoneSimulator.ActiveCfg = Release|iPhoneSimulator
		{EB28950F-385C-4F99-99B6-E3FDA941FC58}.AppStore|Mixed Platforms.ActiveCfg = Release|iPhoneSimulator
		{EB28950F-385C-4F99-99B6-E3FDA941FC58}.AppStore|x64.ActiveCfg = Release|iPhoneSimulator
		{EB28950F-385C-4F99-99B6-E3FDA941FC58}.AppStore|x86.ActiveCfg = Release|iPhoneSimulator
		{EB28950F-385C-4F99-99B6-E3FDA941FC58}.Debug|Android.ActiveCfg = Debug|iPhoneSimulator
		{EB28950F-385C-4F99-99B6-E3FDA941FC58}.Debug|Any CPU.ActiveCfg = Debug|iPhoneSimulator
		{EB28950F-385C-4F99-99B6-E3FDA941FC58}.Debug|ARM.ActiveCfg = Debug|iPhoneSimulator
		{EB28950F-385C-4F99-99B6-E3FDA941FC58}.Debug|iPhone.ActiveCfg = Debug|iPhone
		{EB28950F-385C-4F99-99B6-E3FDA941FC58}.Debug|iPhone.Build.0 = Debug|iPhone
		{EB28950F-385C-4F99-99B6-E3FDA941FC58}.Debug|iPhone.Deploy.0 = Debug|iPhone
		{EB28950F-385C-4F99-99B6-E3FDA941FC58}.Debug|iPhoneSimulator.ActiveCfg = Debug|iPhoneSimulator
		{EB28950F-385C-4F99-99B6-E3FDA941FC58}.Debug|iPhoneSimulator.Build.0 = Debug|iPhoneSimulator
		{EB28950F-385C-4F99-99B6-E3FDA941FC58}.Debug|iPhoneSimulator.Deploy.0 = Debug|iPhoneSimulator
		{EB28950F-385C-4F99-99B6-E3FDA941FC58}.Debug|Mixed Platforms.ActiveCfg = Debug|iPhoneSimulator
		{EB28950F-385C-4F99-99B6-E3FDA941FC58}.Debug|Mixed Platforms.Build.0 = Debug|iPhoneSimulator
		{EB28950F-385C-4F99-99B6-E3FDA941FC58}.Debug|Mixed Platforms.Deploy.0 = Debug|iPhoneSimulator
		{EB28950F-385C-4F99-99B6-E3FDA941FC58}.Debug|x64.ActiveCfg = Debug|iPhone
		{EB28950F-385C-4F99-99B6-E3FDA941FC58}.Debug|x86.ActiveCfg = Debug|iPhone
		{EB28950F-385C-4F99-99B6-E3FDA941FC58}.Release|Android.ActiveCfg = Release|iPhone
		{EB28950F-385C-4F99-99B6-E3FDA941FC58}.Release|Any CPU.ActiveCfg = Release|iPhone
		{EB28950F-385C-4F99-99B6-E3FDA941FC58}.Release|ARM.ActiveCfg = Release|iPhoneSimulator
		{EB28950F-385C-4F99-99B6-E3FDA941FC58}.Release|iPhone.ActiveCfg = Release|iPhone
		{EB28950F-385C-4F99-99B6-E3FDA941FC58}.Release|iPhone.Build.0 = Release|iPhone
		{EB28950F-385C-4F99-99B6-E3FDA941FC58}.Release|iPhone.Deploy.0 = Release|iPhone
		{EB28950F-385C-4F99-99B6-E3FDA941FC58}.Release|iPhoneSimulator.ActiveCfg = Release|iPhoneSimulator
		{EB28950F-385C-4F99-99B6-E3FDA941FC58}.Release|iPhoneSimulator.Build.0 = Release|iPhoneSimulator
		{EB28950F-385C-4F99-99B6-E3FDA941FC58}.Release|iPhoneSimulator.Deploy.0 = Release|iPhoneSimulator
		{EB28950F-385C-4F99-99B6-E3FDA941FC58}.Release|Mixed Platforms.ActiveCfg = Release|iPhone
		{EB28950F-385C-4F99-99B6-E3FDA941FC58}.Release|Mixed Platforms.Build.0 = Release|iPhone
		{EB28950F-385C-4F99-99B6-E3FDA941FC58}.Release|Mixed Platforms.Deploy.0 = Release|iPhone
		{EB28950F-385C-4F99-99B6-E3FDA941FC58}.Release|x64.ActiveCfg = Release|iPhone
		{EB28950F-385C-4F99-99B6-E3FDA941FC58}.Release|x86.ActiveCfg = Release|iPhone
		{B34F6285-2CDF-43AD-BEFD-E120B54DF86A}.Ad-Hoc|Android.ActiveCfg = Release|Any CPU
		{B34F6285-2CDF-43AD-BEFD-E120B54DF86A}.Ad-Hoc|Any CPU.ActiveCfg = Release|Any CPU
		{B34F6285-2CDF-43AD-BEFD-E120B54DF86A}.Ad-Hoc|ARM.ActiveCfg = Release|Any CPU
		{B34F6285-2CDF-43AD-BEFD-E120B54DF86A}.Ad-Hoc|iPhone.ActiveCfg = Release|Any CPU
		{B34F6285-2CDF-43AD-BEFD-E120B54DF86A}.Ad-Hoc|iPhoneSimulator.ActiveCfg = Release|Any CPU
		{B34F6285-2CDF-43AD-BEFD-E120B54DF86A}.Ad-Hoc|Mixed Platforms.ActiveCfg = Release|Any CPU
		{B34F6285-2CDF-43AD-BEFD-E120B54DF86A}.Ad-Hoc|x64.ActiveCfg = Release|Any CPU
		{B34F6285-2CDF-43AD-BEFD-E120B54DF86A}.Ad-Hoc|x86.ActiveCfg = Release|Any CPU
		{B34F6285-2CDF-43AD-BEFD-E120B54DF86A}.AppStore|Android.ActiveCfg = Release|Any CPU
		{B34F6285-2CDF-43AD-BEFD-E120B54DF86A}.AppStore|Any CPU.ActiveCfg = Release|Any CPU
		{B34F6285-2CDF-43AD-BEFD-E120B54DF86A}.AppStore|ARM.ActiveCfg = Release|Any CPU
		{B34F6285-2CDF-43AD-BEFD-E120B54DF86A}.AppStore|iPhone.ActiveCfg = Release|Any CPU
		{B34F6285-2CDF-43AD-BEFD-E120B54DF86A}.AppStore|iPhoneSimulator.ActiveCfg = Release|Any CPU
		{B34F6285-2CDF-43AD-BEFD-E120B54DF86A}.AppStore|Mixed Platforms.ActiveCfg = Release|Any CPU
		{B34F6285-2CDF-43AD-BEFD-E120B54DF86A}.AppStore|x64.ActiveCfg = Release|Any CPU
		{B34F6285-2CDF-43AD-BEFD-E120B54DF86A}.AppStore|x86.ActiveCfg = Release|Any CPU
		{B34F6285-2CDF-43AD-BEFD-E120B54DF86A}.Debug|Android.ActiveCfg = Debug|Any CPU
		{B34F6285-2CDF-43AD-BEFD-E120B54DF86A}.Debug|Android.Build.0 = Debug|Any CPU
		{B34F6285-2CDF-43AD-BEFD-E120B54DF86A}.Debug|Android.Deploy.0 = Debug|Any CPU
		{B34F6285-2CDF-43AD-BEFD-E120B54DF86A}.Debug|Any CPU.ActiveCfg = Debug|Any CPU
		{B34F6285-2CDF-43AD-BEFD-E120B54DF86A}.Debug|Any CPU.Build.0 = Debug|Any CPU
		{B34F6285-2CDF-43AD-BEFD-E120B54DF86A}.Debug|Any CPU.Deploy.0 = Debug|Any CPU
		{B34F6285-2CDF-43AD-BEFD-E120B54DF86A}.Debug|ARM.ActiveCfg = Debug|Any CPU
		{B34F6285-2CDF-43AD-BEFD-E120B54DF86A}.Debug|iPhone.ActiveCfg = Debug|Any CPU
		{B34F6285-2CDF-43AD-BEFD-E120B54DF86A}.Debug|iPhoneSimulator.ActiveCfg = Debug|Any CPU
		{B34F6285-2CDF-43AD-BEFD-E120B54DF86A}.Debug|Mixed Platforms.ActiveCfg = Debug|Any CPU
		{B34F6285-2CDF-43AD-BEFD-E120B54DF86A}.Debug|Mixed Platforms.Build.0 = Debug|Any CPU
		{B34F6285-2CDF-43AD-BEFD-E120B54DF86A}.Debug|Mixed Platforms.Deploy.0 = Debug|Any CPU
		{B34F6285-2CDF-43AD-BEFD-E120B54DF86A}.Debug|x64.ActiveCfg = Debug|Any CPU
		{B34F6285-2CDF-43AD-BEFD-E120B54DF86A}.Debug|x86.ActiveCfg = Debug|Any CPU
		{B34F6285-2CDF-43AD-BEFD-E120B54DF86A}.Release|Android.ActiveCfg = Release|Any CPU
		{B34F6285-2CDF-43AD-BEFD-E120B54DF86A}.Release|Android.Build.0 = Release|Any CPU
		{B34F6285-2CDF-43AD-BEFD-E120B54DF86A}.Release|Android.Deploy.0 = Release|Any CPU
		{B34F6285-2CDF-43AD-BEFD-E120B54DF86A}.Release|Any CPU.ActiveCfg = Release|Any CPU
		{B34F6285-2CDF-43AD-BEFD-E120B54DF86A}.Release|Any CPU.Build.0 = Release|Any CPU
		{B34F6285-2CDF-43AD-BEFD-E120B54DF86A}.Release|Any CPU.Deploy.0 = Release|Any CPU
		{B34F6285-2CDF-43AD-BEFD-E120B54DF86A}.Release|ARM.ActiveCfg = Release|Any CPU
		{B34F6285-2CDF-43AD-BEFD-E120B54DF86A}.Release|iPhone.ActiveCfg = Release|Any CPU
		{B34F6285-2CDF-43AD-BEFD-E120B54DF86A}.Release|iPhoneSimulator.ActiveCfg = Release|Any CPU
		{B34F6285-2CDF-43AD-BEFD-E120B54DF86A}.Release|Mixed Platforms.ActiveCfg = Release|Any CPU
		{B34F6285-2CDF-43AD-BEFD-E120B54DF86A}.Release|Mixed Platforms.Build.0 = Release|Any CPU
		{B34F6285-2CDF-43AD-BEFD-E120B54DF86A}.Release|Mixed Platforms.Deploy.0 = Release|Any CPU
		{B34F6285-2CDF-43AD-BEFD-E120B54DF86A}.Release|x64.ActiveCfg = Release|Any CPU
		{B34F6285-2CDF-43AD-BEFD-E120B54DF86A}.Release|x86.ActiveCfg = Release|Any CPU
		{17D0FA52-F2DE-452E-AD29-52E9E4D4772F}.Ad-Hoc|Android.ActiveCfg = Release|x86
		{17D0FA52-F2DE-452E-AD29-52E9E4D4772F}.Ad-Hoc|Any CPU.ActiveCfg = Release|x86
		{17D0FA52-F2DE-452E-AD29-52E9E4D4772F}.Ad-Hoc|ARM.ActiveCfg = Release|ARM
		{17D0FA52-F2DE-452E-AD29-52E9E4D4772F}.Ad-Hoc|iPhone.ActiveCfg = Release|x86
		{17D0FA52-F2DE-452E-AD29-52E9E4D4772F}.Ad-Hoc|iPhoneSimulator.ActiveCfg = Release|x86
		{17D0FA52-F2DE-452E-AD29-52E9E4D4772F}.Ad-Hoc|Mixed Platforms.ActiveCfg = Release|x86
		{17D0FA52-F2DE-452E-AD29-52E9E4D4772F}.Ad-Hoc|x64.ActiveCfg = Release|x86
		{17D0FA52-F2DE-452E-AD29-52E9E4D4772F}.Ad-Hoc|x86.ActiveCfg = Release|x86
		{17D0FA52-F2DE-452E-AD29-52E9E4D4772F}.AppStore|Android.ActiveCfg = Release|x86
		{17D0FA52-F2DE-452E-AD29-52E9E4D4772F}.AppStore|Any CPU.ActiveCfg = Release|x86
		{17D0FA52-F2DE-452E-AD29-52E9E4D4772F}.AppStore|ARM.ActiveCfg = Release|ARM
		{17D0FA52-F2DE-452E-AD29-52E9E4D4772F}.AppStore|iPhone.ActiveCfg = Release|x86
		{17D0FA52-F2DE-452E-AD29-52E9E4D4772F}.AppStore|iPhoneSimulator.ActiveCfg = Release|x86
		{17D0FA52-F2DE-452E-AD29-52E9E4D4772F}.AppStore|Mixed Platforms.ActiveCfg = Release|x86
		{17D0FA52-F2DE-452E-AD29-52E9E4D4772F}.AppStore|x64.ActiveCfg = Release|x86
		{17D0FA52-F2DE-452E-AD29-52E9E4D4772F}.AppStore|x86.ActiveCfg = Release|x86
		{17D0FA52-F2DE-452E-AD29-52E9E4D4772F}.Debug|Android.ActiveCfg = Debug|x86
		{17D0FA52-F2DE-452E-AD29-52E9E4D4772F}.Debug|Any CPU.ActiveCfg = Debug|x86
		{17D0FA52-F2DE-452E-AD29-52E9E4D4772F}.Debug|ARM.ActiveCfg = Debug|ARM
		{17D0FA52-F2DE-452E-AD29-52E9E4D4772F}.Debug|ARM.Build.0 = Debug|ARM
		{17D0FA52-F2DE-452E-AD29-52E9E4D4772F}.Debug|ARM.Deploy.0 = Debug|ARM
		{17D0FA52-F2DE-452E-AD29-52E9E4D4772F}.Debug|iPhone.ActiveCfg = Debug|x86
		{17D0FA52-F2DE-452E-AD29-52E9E4D4772F}.Debug|iPhoneSimulator.ActiveCfg = Debug|x86
		{17D0FA52-F2DE-452E-AD29-52E9E4D4772F}.Debug|Mixed Platforms.ActiveCfg = Debug|x86
		{17D0FA52-F2DE-452E-AD29-52E9E4D4772F}.Debug|Mixed Platforms.Build.0 = Debug|x86
		{17D0FA52-F2DE-452E-AD29-52E9E4D4772F}.Debug|Mixed Platforms.Deploy.0 = Debug|x86
		{17D0FA52-F2DE-452E-AD29-52E9E4D4772F}.Debug|x64.ActiveCfg = Debug|x86
		{17D0FA52-F2DE-452E-AD29-52E9E4D4772F}.Debug|x86.ActiveCfg = Debug|x86
		{17D0FA52-F2DE-452E-AD29-52E9E4D4772F}.Debug|x86.Build.0 = Debug|x86
		{17D0FA52-F2DE-452E-AD29-52E9E4D4772F}.Debug|x86.Deploy.0 = Debug|x86
		{17D0FA52-F2DE-452E-AD29-52E9E4D4772F}.Release|Android.ActiveCfg = Release|x86
		{17D0FA52-F2DE-452E-AD29-52E9E4D4772F}.Release|Any CPU.ActiveCfg = Release|x86
		{17D0FA52-F2DE-452E-AD29-52E9E4D4772F}.Release|ARM.ActiveCfg = Release|ARM
		{17D0FA52-F2DE-452E-AD29-52E9E4D4772F}.Release|ARM.Build.0 = Release|ARM
		{17D0FA52-F2DE-452E-AD29-52E9E4D4772F}.Release|ARM.Deploy.0 = Release|ARM
		{17D0FA52-F2DE-452E-AD29-52E9E4D4772F}.Release|iPhone.ActiveCfg = Release|x86
		{17D0FA52-F2DE-452E-AD29-52E9E4D4772F}.Release|iPhoneSimulator.ActiveCfg = Release|x86
		{17D0FA52-F2DE-452E-AD29-52E9E4D4772F}.Release|Mixed Platforms.ActiveCfg = Release|x86
		{17D0FA52-F2DE-452E-AD29-52E9E4D4772F}.Release|Mixed Platforms.Build.0 = Release|x86
		{17D0FA52-F2DE-452E-AD29-52E9E4D4772F}.Release|Mixed Platforms.Deploy.0 = Release|x86
		{17D0FA52-F2DE-452E-AD29-52E9E4D4772F}.Release|x64.ActiveCfg = Release|x86
		{17D0FA52-F2DE-452E-AD29-52E9E4D4772F}.Release|x86.ActiveCfg = Release|x86
		{17D0FA52-F2DE-452E-AD29-52E9E4D4772F}.Release|x86.Build.0 = Release|x86
		{17D0FA52-F2DE-452E-AD29-52E9E4D4772F}.Release|x86.Deploy.0 = Release|x86
		{7EAF0F8E-198F-416F-B37C-C56116D0D4AF}.Ad-Hoc|Android.ActiveCfg = Release|Any CPU
		{7EAF0F8E-198F-416F-B37C-C56116D0D4AF}.Ad-Hoc|Any CPU.ActiveCfg = Release|Any CPU
		{7EAF0F8E-198F-416F-B37C-C56116D0D4AF}.Ad-Hoc|Any CPU.Build.0 = Release|Any CPU
		{7EAF0F8E-198F-416F-B37C-C56116D0D4AF}.Ad-Hoc|Any CPU.Deploy.0 = Release|Any CPU
		{7EAF0F8E-198F-416F-B37C-C56116D0D4AF}.Ad-Hoc|ARM.ActiveCfg = Release|ARM
		{7EAF0F8E-198F-416F-B37C-C56116D0D4AF}.Ad-Hoc|ARM.Build.0 = Release|ARM
		{7EAF0F8E-198F-416F-B37C-C56116D0D4AF}.Ad-Hoc|ARM.Deploy.0 = Release|ARM
		{7EAF0F8E-198F-416F-B37C-C56116D0D4AF}.Ad-Hoc|iPhone.ActiveCfg = Release|Any CPU
		{7EAF0F8E-198F-416F-B37C-C56116D0D4AF}.Ad-Hoc|iPhoneSimulator.ActiveCfg = Release|Any CPU
		{7EAF0F8E-198F-416F-B37C-C56116D0D4AF}.Ad-Hoc|Mixed Platforms.ActiveCfg = Release|x86
		{7EAF0F8E-198F-416F-B37C-C56116D0D4AF}.Ad-Hoc|Mixed Platforms.Build.0 = Release|x86
		{7EAF0F8E-198F-416F-B37C-C56116D0D4AF}.Ad-Hoc|Mixed Platforms.Deploy.0 = Release|x86
		{7EAF0F8E-198F-416F-B37C-C56116D0D4AF}.Ad-Hoc|x64.ActiveCfg = Release|x64
		{7EAF0F8E-198F-416F-B37C-C56116D0D4AF}.Ad-Hoc|x64.Build.0 = Release|x64
		{7EAF0F8E-198F-416F-B37C-C56116D0D4AF}.Ad-Hoc|x64.Deploy.0 = Release|x64
		{7EAF0F8E-198F-416F-B37C-C56116D0D4AF}.Ad-Hoc|x86.ActiveCfg = Release|x86
		{7EAF0F8E-198F-416F-B37C-C56116D0D4AF}.Ad-Hoc|x86.Build.0 = Release|x86
		{7EAF0F8E-198F-416F-B37C-C56116D0D4AF}.Ad-Hoc|x86.Deploy.0 = Release|x86
		{7EAF0F8E-198F-416F-B37C-C56116D0D4AF}.AppStore|Android.ActiveCfg = Release|Any CPU
		{7EAF0F8E-198F-416F-B37C-C56116D0D4AF}.AppStore|Any CPU.ActiveCfg = Release|Any CPU
		{7EAF0F8E-198F-416F-B37C-C56116D0D4AF}.AppStore|Any CPU.Build.0 = Release|Any CPU
		{7EAF0F8E-198F-416F-B37C-C56116D0D4AF}.AppStore|Any CPU.Deploy.0 = Release|Any CPU
		{7EAF0F8E-198F-416F-B37C-C56116D0D4AF}.AppStore|ARM.ActiveCfg = Release|ARM
		{7EAF0F8E-198F-416F-B37C-C56116D0D4AF}.AppStore|ARM.Build.0 = Release|ARM
		{7EAF0F8E-198F-416F-B37C-C56116D0D4AF}.AppStore|ARM.Deploy.0 = Release|ARM
		{7EAF0F8E-198F-416F-B37C-C56116D0D4AF}.AppStore|iPhone.ActiveCfg = Release|Any CPU
		{7EAF0F8E-198F-416F-B37C-C56116D0D4AF}.AppStore|iPhoneSimulator.ActiveCfg = Release|Any CPU
		{7EAF0F8E-198F-416F-B37C-C56116D0D4AF}.AppStore|Mixed Platforms.ActiveCfg = Release|x86
		{7EAF0F8E-198F-416F-B37C-C56116D0D4AF}.AppStore|Mixed Platforms.Build.0 = Release|x86
		{7EAF0F8E-198F-416F-B37C-C56116D0D4AF}.AppStore|Mixed Platforms.Deploy.0 = Release|x86
		{7EAF0F8E-198F-416F-B37C-C56116D0D4AF}.AppStore|x64.ActiveCfg = Release|x64
		{7EAF0F8E-198F-416F-B37C-C56116D0D4AF}.AppStore|x64.Build.0 = Release|x64
		{7EAF0F8E-198F-416F-B37C-C56116D0D4AF}.AppStore|x64.Deploy.0 = Release|x64
		{7EAF0F8E-198F-416F-B37C-C56116D0D4AF}.AppStore|x86.ActiveCfg = Release|x86
		{7EAF0F8E-198F-416F-B37C-C56116D0D4AF}.AppStore|x86.Build.0 = Release|x86
		{7EAF0F8E-198F-416F-B37C-C56116D0D4AF}.AppStore|x86.Deploy.0 = Release|x86
		{7EAF0F8E-198F-416F-B37C-C56116D0D4AF}.Debug|Android.ActiveCfg = Debug|x86
		{7EAF0F8E-198F-416F-B37C-C56116D0D4AF}.Debug|Any CPU.ActiveCfg = Debug|x86
		{7EAF0F8E-198F-416F-B37C-C56116D0D4AF}.Debug|ARM.ActiveCfg = Debug|ARM
		{7EAF0F8E-198F-416F-B37C-C56116D0D4AF}.Debug|ARM.Build.0 = Debug|ARM
		{7EAF0F8E-198F-416F-B37C-C56116D0D4AF}.Debug|ARM.Deploy.0 = Debug|ARM
		{7EAF0F8E-198F-416F-B37C-C56116D0D4AF}.Debug|iPhone.ActiveCfg = Debug|x86
		{7EAF0F8E-198F-416F-B37C-C56116D0D4AF}.Debug|iPhoneSimulator.ActiveCfg = Debug|x86
		{7EAF0F8E-198F-416F-B37C-C56116D0D4AF}.Debug|Mixed Platforms.ActiveCfg = Debug|x86
		{7EAF0F8E-198F-416F-B37C-C56116D0D4AF}.Debug|Mixed Platforms.Build.0 = Debug|x86
		{7EAF0F8E-198F-416F-B37C-C56116D0D4AF}.Debug|Mixed Platforms.Deploy.0 = Debug|x86
		{7EAF0F8E-198F-416F-B37C-C56116D0D4AF}.Debug|x64.ActiveCfg = Debug|x64
		{7EAF0F8E-198F-416F-B37C-C56116D0D4AF}.Debug|x64.Build.0 = Debug|x64
		{7EAF0F8E-198F-416F-B37C-C56116D0D4AF}.Debug|x64.Deploy.0 = Debug|x64
		{7EAF0F8E-198F-416F-B37C-C56116D0D4AF}.Debug|x86.ActiveCfg = Debug|x86
		{7EAF0F8E-198F-416F-B37C-C56116D0D4AF}.Debug|x86.Build.0 = Debug|x86
		{7EAF0F8E-198F-416F-B37C-C56116D0D4AF}.Debug|x86.Deploy.0 = Debug|x86
		{7EAF0F8E-198F-416F-B37C-C56116D0D4AF}.Release|Android.ActiveCfg = Release|x86
		{7EAF0F8E-198F-416F-B37C-C56116D0D4AF}.Release|Any CPU.ActiveCfg = Release|x86
		{7EAF0F8E-198F-416F-B37C-C56116D0D4AF}.Release|ARM.ActiveCfg = Release|ARM
		{7EAF0F8E-198F-416F-B37C-C56116D0D4AF}.Release|ARM.Build.0 = Release|ARM
		{7EAF0F8E-198F-416F-B37C-C56116D0D4AF}.Release|ARM.Deploy.0 = Release|ARM
		{7EAF0F8E-198F-416F-B37C-C56116D0D4AF}.Release|iPhone.ActiveCfg = Release|x86
		{7EAF0F8E-198F-416F-B37C-C56116D0D4AF}.Release|iPhoneSimulator.ActiveCfg = Release|x86
		{7EAF0F8E-198F-416F-B37C-C56116D0D4AF}.Release|Mixed Platforms.ActiveCfg = Release|x86
		{7EAF0F8E-198F-416F-B37C-C56116D0D4AF}.Release|Mixed Platforms.Build.0 = Release|x86
		{7EAF0F8E-198F-416F-B37C-C56116D0D4AF}.Release|Mixed Platforms.Deploy.0 = Release|x86
		{7EAF0F8E-198F-416F-B37C-C56116D0D4AF}.Release|x64.ActiveCfg = Release|x64
		{7EAF0F8E-198F-416F-B37C-C56116D0D4AF}.Release|x64.Build.0 = Release|x64
		{7EAF0F8E-198F-416F-B37C-C56116D0D4AF}.Release|x64.Deploy.0 = Release|x64
		{7EAF0F8E-198F-416F-B37C-C56116D0D4AF}.Release|x86.ActiveCfg = Release|x86
		{7EAF0F8E-198F-416F-B37C-C56116D0D4AF}.Release|x86.Build.0 = Release|x86
		{7EAF0F8E-198F-416F-B37C-C56116D0D4AF}.Release|x86.Deploy.0 = Release|x86
		{7339DF68-C645-4200-8C18-1411248B7817}.Ad-Hoc|Android.ActiveCfg = Ad-Hoc|iPhone
		{7339DF68-C645-4200-8C18-1411248B7817}.Ad-Hoc|Any CPU.ActiveCfg = Ad-Hoc|iPhone
		{7339DF68-C645-4200-8C18-1411248B7817}.Ad-Hoc|ARM.ActiveCfg = Ad-Hoc|iPhone
		{7339DF68-C645-4200-8C18-1411248B7817}.Ad-Hoc|iPhone.ActiveCfg = Ad-Hoc|iPhone
		{7339DF68-C645-4200-8C18-1411248B7817}.Ad-Hoc|iPhone.Build.0 = Ad-Hoc|iPhone
		{7339DF68-C645-4200-8C18-1411248B7817}.Ad-Hoc|iPhoneSimulator.ActiveCfg = Ad-Hoc|iPhoneSimulator
		{7339DF68-C645-4200-8C18-1411248B7817}.Ad-Hoc|iPhoneSimulator.Build.0 = Ad-Hoc|iPhoneSimulator
		{7339DF68-C645-4200-8C18-1411248B7817}.Ad-Hoc|Mixed Platforms.ActiveCfg = Ad-Hoc|iPhone
		{7339DF68-C645-4200-8C18-1411248B7817}.Ad-Hoc|Mixed Platforms.Build.0 = Ad-Hoc|iPhone
		{7339DF68-C645-4200-8C18-1411248B7817}.Ad-Hoc|x64.ActiveCfg = Ad-Hoc|iPhone
		{7339DF68-C645-4200-8C18-1411248B7817}.Ad-Hoc|x86.ActiveCfg = Ad-Hoc|iPhone
		{7339DF68-C645-4200-8C18-1411248B7817}.AppStore|Android.ActiveCfg = AppStore|iPhone
		{7339DF68-C645-4200-8C18-1411248B7817}.AppStore|Any CPU.ActiveCfg = AppStore|iPhone
		{7339DF68-C645-4200-8C18-1411248B7817}.AppStore|ARM.ActiveCfg = AppStore|iPhone
		{7339DF68-C645-4200-8C18-1411248B7817}.AppStore|iPhone.ActiveCfg = AppStore|iPhone
		{7339DF68-C645-4200-8C18-1411248B7817}.AppStore|iPhone.Build.0 = AppStore|iPhone
		{7339DF68-C645-4200-8C18-1411248B7817}.AppStore|iPhoneSimulator.ActiveCfg = AppStore|iPhoneSimulator
		{7339DF68-C645-4200-8C18-1411248B7817}.AppStore|iPhoneSimulator.Build.0 = AppStore|iPhoneSimulator
		{7339DF68-C645-4200-8C18-1411248B7817}.AppStore|Mixed Platforms.ActiveCfg = AppStore|iPhone
		{7339DF68-C645-4200-8C18-1411248B7817}.AppStore|Mixed Platforms.Build.0 = AppStore|iPhone
		{7339DF68-C645-4200-8C18-1411248B7817}.AppStore|x64.ActiveCfg = AppStore|iPhone
		{7339DF68-C645-4200-8C18-1411248B7817}.AppStore|x86.ActiveCfg = AppStore|iPhone
		{7339DF68-C645-4200-8C18-1411248B7817}.Debug|Android.ActiveCfg = Debug|iPhone
		{7339DF68-C645-4200-8C18-1411248B7817}.Debug|Any CPU.ActiveCfg = Debug|iPhone
		{7339DF68-C645-4200-8C18-1411248B7817}.Debug|ARM.ActiveCfg = Debug|iPhone
		{7339DF68-C645-4200-8C18-1411248B7817}.Debug|iPhone.ActiveCfg = Debug|iPhone
		{7339DF68-C645-4200-8C18-1411248B7817}.Debug|iPhone.Build.0 = Debug|iPhone
		{7339DF68-C645-4200-8C18-1411248B7817}.Debug|iPhoneSimulator.ActiveCfg = Debug|iPhoneSimulator
		{7339DF68-C645-4200-8C18-1411248B7817}.Debug|iPhoneSimulator.Build.0 = Debug|iPhoneSimulator
		{7339DF68-C645-4200-8C18-1411248B7817}.Debug|Mixed Platforms.ActiveCfg = Debug|iPhone
		{7339DF68-C645-4200-8C18-1411248B7817}.Debug|Mixed Platforms.Build.0 = Debug|iPhone
		{7339DF68-C645-4200-8C18-1411248B7817}.Debug|x64.ActiveCfg = Debug|iPhone
		{7339DF68-C645-4200-8C18-1411248B7817}.Debug|x86.ActiveCfg = Debug|iPhone
		{7339DF68-C645-4200-8C18-1411248B7817}.Release|Android.ActiveCfg = Release|iPhone
		{7339DF68-C645-4200-8C18-1411248B7817}.Release|Any CPU.ActiveCfg = Release|iPhone
		{7339DF68-C645-4200-8C18-1411248B7817}.Release|ARM.ActiveCfg = Release|iPhone
		{7339DF68-C645-4200-8C18-1411248B7817}.Release|iPhone.ActiveCfg = Release|iPhone
		{7339DF68-C645-4200-8C18-1411248B7817}.Release|iPhone.Build.0 = Release|iPhone
		{7339DF68-C645-4200-8C18-1411248B7817}.Release|iPhoneSimulator.ActiveCfg = Release|iPhoneSimulator
		{7339DF68-C645-4200-8C18-1411248B7817}.Release|iPhoneSimulator.Build.0 = Release|iPhoneSimulator
		{7339DF68-C645-4200-8C18-1411248B7817}.Release|Mixed Platforms.ActiveCfg = Release|iPhone
		{7339DF68-C645-4200-8C18-1411248B7817}.Release|Mixed Platforms.Build.0 = Release|iPhone
		{7339DF68-C645-4200-8C18-1411248B7817}.Release|x64.ActiveCfg = Release|iPhone
		{7339DF68-C645-4200-8C18-1411248B7817}.Release|x86.ActiveCfg = Release|iPhone
	EndGlobalSection
	GlobalSection(SolutionProperties) = preSolution
		HideSolutionNode = FALSE
	EndGlobalSection
EndGlobal
